
Microsoft Visual Studio Solution File, Format Version 10.00
# Visual C++ Express 2008
Project("{8BC9CEB8-8B4A-11D0-8D11-00A0C91BC942}") = "Array_f", "Array_f\Array_f.vcproj", "{B647D28A-4143-4E67-A1F5-F0E0DC1F968A}"
EndProject
Global
	GlobalSection(SolutionConfigurationPlatforms) = preSolution
		Debug|Win32 = Debug|Win32
		Release|Win32 = Release|Win32
	EndGlobalSection
	GlobalSection(ProjectConfigurationPlatforms) = postSolution
		{B647D28A-4143-4E67-A1F5-F0E0DC1F968A}.Debug|Win32.ActiveCfg = Debug|Win32
		{B647D28A-4143-4E67-A1F5-F0E0DC1F968A}.Debug|Win32.Build.0 = Debug|Win32
		{B647D28A-4143-4E67-A1F5-F0E0DC1F968A}.Release|Win32.ActiveCfg = Release|Win32
		{B647D28A-4143-4E67-A1F5-F0E0DC1F968A}.Release|Win32.Build.0 = Release|Win32
	EndGlobalSection
	GlobalSection(SolutionProperties) = preSolution
		HideSolutionNode = FALSE
	EndGlobalSection
EndGlobal
